
Microsoft Visual Studio Solution File, Format Version 12.00
# Visual Studio Version 16
VisualStudioVersion = 16.0.29201.188
MinimumVisualStudioVersion = 10.0.40219.1
Project("{FAE04EC0-301F-11D3-BF4B-00C04F79EFBC}") = "ShopApp.Entities", "ShopApp.Entities\ShopApp.Entities.csproj", "{FEFA814E-8289-49AD-9947-5B6B5CFD0324}"
EndProject
Project("{FAE04EC0-301F-11D3-BF4B-00C04F79EFBC}") = "ShopApp.DataAccess", "ShopApp.DataAccess\ShopApp.DataAccess.csproj", "{59EAA332-A1DD-4258-89A2-D657AFF10849}"
EndProject
Project("{FAE04EC0-301F-11D3-BF4B-00C04F79EFBC}") = "ShopApp.Business", "ShopApp.Business\ShopApp.Business.csproj", "{2C400BC4-5BAD-4FD6-BC9A-A354C22439BD}"
EndProject
Project("{FAE04EC0-301F-11D3-BF4B-00C04F79EFBC}") = "ShopApp.WebUI", "ShopApp.WebUI\ShopApp.WebUI.csproj", "{391BEE21-01B8-4532-86BF-9CF45A24D3C8}"
EndProject
Global
	GlobalSection(SolutionConfigurationPlatforms) = preSolution
		Debug|Any CPU = Debug|Any CPU
		Release|Any CPU = Release|Any CPU
	EndGlobalSection
	GlobalSection(ProjectConfigurationPlatforms) = postSolution
		{FEFA814E-8289-49AD-9947-5B6B5CFD0324}.Debug|Any CPU.ActiveCfg = Debug|Any CPU
		{FEFA814E-8289-49AD-9947-5B6B5CFD0324}.Debug|Any CPU.Build.0 = Debug|Any CPU
		{FEFA814E-8289-49AD-9947-5B6B5CFD0324}.Release|Any CPU.ActiveCfg = Release|Any CPU
		{FEFA814E-8289-49AD-9947-5B6B5CFD0324}.Release|Any CPU.Build.0 = Release|Any CPU
		{59EAA332-A1DD-4258-89A2-D657AFF10849}.Debug|Any CPU.ActiveCfg = Debug|Any CPU
		{59EAA332-A1DD-4258-89A2-D657AFF10849}.Debug|Any CPU.Build.0 = Debug|Any CPU
		{59EAA332-A1DD-4258-89A2-D657AFF10849}.Release|Any CPU.ActiveCfg = Release|Any CPU
		{59EAA332-A1DD-4258-89A2-D657AFF10849}.Release|Any CPU.Build.0 = Release|Any CPU
		{2C400BC4-5BAD-4FD6-BC9A-A354C22439BD}.Debug|Any CPU.ActiveCfg = Debug|Any CPU
		{2C400BC4-5BAD-4FD6-BC9A-A354C22439BD}.Debug|Any CPU.Build.0 = Debug|Any CPU
		{2C400BC4-5BAD-4FD6-BC9A-A354C22439BD}.Release|Any CPU.ActiveCfg = Release|Any CPU
		{2C400BC4-5BAD-4FD6-BC9A-A354C22439BD}.Release|Any CPU.Build.0 = Release|Any CPU
		{391BEE21-01B8-4532-86BF-9CF45A24D3C8}.Debug|Any CPU.ActiveCfg = Debug|Any CPU
		{391BEE21-01B8-4532-86BF-9CF45A24D3C8}.Debug|Any CPU.Build.0 = Debug|Any CPU
		{391BEE21-01B8-4532-86BF-9CF45A24D3C8}.Release|Any CPU.ActiveCfg = Release|Any CPU
		{391BEE21-01B8-4532-86BF-9CF45A24D3C8}.Release|Any CPU.Build.0 = Release|Any CPU
	EndGlobalSection
	GlobalSection(SolutionProperties) = preSolution
		HideSolutionNode = FALSE
	EndGlobalSection
	GlobalSection(ExtensibilityGlobals) = postSolution
		SolutionGuid = {FC3B2BA4-3C22-47F1-91A8-C3098BD81BE8}
	EndGlobalSection
EndGlobal
